{
  "version": 4,
  "terraform_version": "0.12.26",
  "serial": 86,
  "lineage": "6c871449-6165-c470-6d14-7c2012dbfa55",
  "outputs": {},
  "resources": [
    {
      "mode": "managed",
      "type": "google_compute_address",
      "name": "static",
      "provider": "provider.google",
      "instances": [
        {
          "schema_version": 0,
          "attributes": {
            "address": "35.213.125.110",
            "address_type": "EXTERNAL",
            "creation_timestamp": "2020-07-02T05:07:45.137-07:00",
            "description": "",
            "id": "projects/ronten-maker/regions/asia-northeast1/addresses/ipv4-address",
            "name": "ipv4-address",
            "network_tier": "STANDARD",
            "project": "ronten-maker",
            "purpose": "",
            "region": "asia-northeast1",
            "self_link": "https://www.googleapis.com/compute/v1/projects/ronten-maker/regions/asia-northeast1/addresses/ipv4-address",
            "subnetwork": "",
            "timeouts": null,
            "users": []
          },
          "private": "eyJlMmJmYjczMC1lY2FhLTExZTYtOGY4OC0zNDM2M2JjN2M0YzAiOnsiY3JlYXRlIjoyNDAwMDAwMDAwMDAsImRlbGV0ZSI6MjQwMDAwMDAwMDAwfX0="
        }
      ]
    }
  ]
}
